// !$*UTF8*$!
{
	archiveVersion = 1;
	classes = {
	};
	objectVersion = 46;
	objects = {

/* Begin PBXBuildFile section */
		4C9EB1041A9216E600A69E9F /* AppDelegate.swift in Sources */ = {isa = PBXBuildFile; fileRef = 4C9EB1031A9216E600A69E9F /* AppDelegate.swift */; };
		4C9EB1061A9216E600A69E9F /* VideoVC.swift in Sources */ = {isa = PBXBuildFile; fileRef = 4C9EB1051A9216E600A69E9F /* VideoVC.swift */; };
		4C9EB1091A9216E600A69E9F /* Main.storyboard in Resources */ = {isa = PBXBuildFile; fileRef = 4C9EB1071A9216E600A69E9F /* Main.storyboard */; };
		4C9EB10B1A9216E600A69E9F /* Images.xcassets in Resources */ = {isa = PBXBuildFile; fileRef = 4C9EB10A1A9216E600A69E9F /* Images.xcassets */; };
		4C9EB10E1A9216E600A69E9F /* LaunchScreen.xib in Resources */ = {isa = PBXBuildFile; fileRef = 4C9EB10C1A9216E600A69E9F /* LaunchScreen.xib */; };
		4C9EB11A1A9216E600A69E9F /* UnikornTubeTests.swift in Sources */ = {isa = PBXBuildFile; fileRef = 4C9EB1191A9216E600A69E9F /* UnikornTubeTests.swift */; };
		6D3150511AEE6E3B0099D2C7 /* Alamofire.swift in Sources */ = {isa = PBXBuildFile; fileRef = 6D3150501AEE6E3B0099D2C7 /* Alamofire.swift */; };
		6D3150531AEE6FDB0099D2C7 /* HomeTableVC.swift in Sources */ = {isa = PBXBuildFile; fileRef = 6D3150521AEE6FDB0099D2C7 /* HomeTableVC.swift */; };
		6D3150551AEE70A50099D2C7 /* User.swift in Sources */ = {isa = PBXBuildFile; fileRef = 6D3150541AEE70A50099D2C7 /* User.swift */; };
		6D3150581AEE70CC0099D2C7 /* Video.swift in Sources */ = {isa = PBXBuildFile; fileRef = 6D3150571AEE70CC0099D2C7 /* Video.swift */; };
		6D31505A1AEE7B500099D2C7 /* Comment.swift in Sources */ = {isa = PBXBuildFile; fileRef = 6D3150591AEE7B500099D2C7 /* Comment.swift */; };
		6D31505C1AEE7E3E0099D2C7 /* Playlist.swift in Sources */ = {isa = PBXBuildFile; fileRef = 6D31505B1AEE7E3E0099D2C7 /* Playlist.swift */; };
		6D31505F1AEE96420099D2C7 /* UserManager.swift in Sources */ = {isa = PBXBuildFile; fileRef = 6D31505E1AEE96420099D2C7 /* UserManager.swift */; };
		6D3150611AEE96690099D2C7 /* SignInVC.swift in Sources */ = {isa = PBXBuildFile; fileRef = 6D3150601AEE96690099D2C7 /* SignInVC.swift */; };
		6D3150631AEE96D30099D2C7 /* SignUpVC.swift in Sources */ = {isa = PBXBuildFile; fileRef = 6D3150621AEE96D30099D2C7 /* SignUpVC.swift */; };
		6D77AB4F1B1D0093003BF50E /* SCLAlertView.swift in Sources */ = {isa = PBXBuildFile; fileRef = 6D77AB4E1B1D0093003BF50E /* SCLAlertView.swift */; };
		6D77AB521B1DD4F7003BF50E /* Constants.swift in Sources */ = {isa = PBXBuildFile; fileRef = 6D77AB511B1DD4F7003BF50E /* Constants.swift */; };
		6D77AB561B1DF131003BF50E /* ENSideMenu.swift in Sources */ = {isa = PBXBuildFile; fileRef = 6D77AB541B1DF131003BF50E /* ENSideMenu.swift */; };
		6D77AB571B1DF131003BF50E /* ENSideMenuNavigationController.swift in Sources */ = {isa = PBXBuildFile; fileRef = 6D77AB551B1DF131003BF50E /* ENSideMenuNavigationController.swift */; };
		6D77AB5A1B1DF2E1003BF50E /* HomeNavigationController.swift in Sources */ = {isa = PBXBuildFile; fileRef = 6D77AB591B1DF2E1003BF50E /* HomeNavigationController.swift */; };
		6D77AB5C1B1DFA17003BF50E /* MenuTableVC.swift in Sources */ = {isa = PBXBuildFile; fileRef = 6D77AB5B1B1DFA17003BF50E /* MenuTableVC.swift */; };
		6D77AB601B1E18C1003BF50E /* VideoListCell.swift in Sources */ = {isa = PBXBuildFile; fileRef = 6D77AB5F1B1E18C1003BF50E /* VideoListCell.swift */; };
		6D77AB621B1E1911003BF50E /* SubscriptionListCell.swift in Sources */ = {isa = PBXBuildFile; fileRef = 6D77AB611B1E1911003BF50E /* SubscriptionListCell.swift */; };
		6D77AB651B1E5D2D003BF50E /* VideoHolder.swift in Sources */ = {isa = PBXBuildFile; fileRef = 6D77AB641B1E5D2D003BF50E /* VideoHolder.swift */; };
		6D77AB671B1E643E003BF50E /* SwiftyJSON.swift in Sources */ = {isa = PBXBuildFile; fileRef = 6D77AB661B1E643E003BF50E /* SwiftyJSON.swift */; };
		6D77AB9E1B1E849C003BF50E /* AFHTTPRequestOperation.m in Sources */ = {isa = PBXBuildFile; fileRef = 6D77AB8C1B1E849C003BF50E /* AFHTTPRequestOperation.m */; };
		6D77AB9F1B1E849C003BF50E /* AFHTTPRequestOperationManager.m in Sources */ = {isa = PBXBuildFile; fileRef = 6D77AB8E1B1E849C003BF50E /* AFHTTPRequestOperationManager.m */; };
		6D77ABA01B1E849C003BF50E /* AFHTTPSessionManager.m in Sources */ = {isa = PBXBuildFile; fileRef = 6D77AB901B1E849C003BF50E /* AFHTTPSessionManager.m */; };
		6D77ABA11B1E849C003BF50E /* AFNetworkReachabilityManager.m in Sources */ = {isa = PBXBuildFile; fileRef = 6D77AB931B1E849C003BF50E /* AFNetworkReachabilityManager.m */; };
		6D77ABA21B1E849C003BF50E /* AFSecurityPolicy.m in Sources */ = {isa = PBXBuildFile; fileRef = 6D77AB951B1E849C003BF50E /* AFSecurityPolicy.m */; };
		6D77ABA31B1E849C003BF50E /* AFURLConnectionOperation.m in Sources */ = {isa = PBXBuildFile; fileRef = 6D77AB971B1E849C003BF50E /* AFURLConnectionOperation.m */; };
		6D77ABA41B1E849C003BF50E /* AFURLRequestSerialization.m in Sources */ = {isa = PBXBuildFile; fileRef = 6D77AB991B1E849C003BF50E /* AFURLRequestSerialization.m */; };
		6D77ABA51B1E849C003BF50E /* AFURLResponseSerialization.m in Sources */ = {isa = PBXBuildFile; fileRef = 6D77AB9B1B1E849C003BF50E /* AFURLResponseSerialization.m */; };
		6D77ABA61B1E849C003BF50E /* AFURLSessionManager.m in Sources */ = {isa = PBXBuildFile; fileRef = 6D77AB9D1B1E849C003BF50E /* AFURLSessionManager.m */; };
		6D77ABA81B1F88F6003BF50E /* UploadVideoVCold.swift in Sources */ = {isa = PBXBuildFile; fileRef = 6D77ABA71B1F88F6003BF50E /* UploadVideoVCold.swift */; };
		6D77ABAA1B1F9104003BF50E /* UploadVideoVC.swift in Sources */ = {isa = PBXBuildFile; fileRef = 6D77ABA91B1F9104003BF50E /* UploadVideoVC.swift */; };
		6D77ABB01B1FC1D9003BF50E /* AFNetworkActivityLogger.m in Sources */ = {isa = PBXBuildFile; fileRef = 6D77ABAF1B1FC1D9003BF50E /* AFNetworkActivityLogger.m */; };
		6D77ABB21B200E0A003BF50E /* SubscriptionsVC.swift in Sources */ = {isa = PBXBuildFile; fileRef = 6D77ABB11B200E0A003BF50E /* SubscriptionsVC.swift */; };
/* End PBXBuildFile section */

/* Begin PBXContainerItemProxy section */
		4C9EB1141A9216E600A69E9F /* PBXContainerItemProxy */ = {
			isa = PBXContainerItemProxy;
			containerPortal = 4C9EB0F61A9216E600A69E9F /* Project object */;
			proxyType = 1;
			remoteGlobalIDString = 4C9EB0FD1A9216E600A69E9F;
			remoteInfo = UnikornTube;
		};
/* End PBXContainerItemProxy section */

/* Begin PBXFileReference section */
		4C9EB0FE1A9216E600A69E9F /* UnikornTube.app */ = {isa = PBXFileReference; explicitFileType = wrapper.application; includeInIndex = 0; path = UnikornTube.app; sourceTree = BUILT_PRODUCTS_DIR; };
		4C9EB1021A9216E600A69E9F /* Info.plist */ = {isa = PBXFileReference; lastKnownFileType = text.plist.xml; path = Info.plist; sourceTree = "<group>"; };
		4C9EB1031A9216E600A69E9F /* AppDelegate.swift */ = {isa = PBXFileReference; lastKnownFileType = sourcecode.swift; path = AppDelegate.swift; sourceTree = "<group>"; };
		4C9EB1051A9216E600A69E9F /* VideoVC.swift */ = {isa = PBXFileReference; lastKnownFileType = sourcecode.swift; path = VideoVC.swift; sourceTree = "<group>"; };
		4C9EB1081A9216E600A69E9F /* Base */ = {isa = PBXFileReference; lastKnownFileType = file.storyboard; name = Base; path = Base.lproj/Main.storyboard; sourceTree = "<group>"; };
		4C9EB10A1A9216E600A69E9F /* Images.xcassets */ = {isa = PBXFileReference; lastKnownFileType = folder.assetcatalog; path = Images.xcassets; sourceTree = "<group>"; };
		4C9EB10D1A9216E600A69E9F /* Base */ = {isa = PBXFileReference; lastKnownFileType = file.xib; name = Base; path = Base.lproj/LaunchScreen.xib; sourceTree = "<group>"; };
		4C9EB1131A9216E600A69E9F /* UnikornTubeTests.xctest */ = {isa = PBXFileReference; explicitFileType = wrapper.cfbundle; includeInIndex = 0; path = UnikornTubeTests.xctest; sourceTree = BUILT_PRODUCTS_DIR; };
		4C9EB1181A9216E600A69E9F /* Info.plist */ = {isa = PBXFileReference; lastKnownFileType = text.plist.xml; path = Info.plist; sourceTree = "<group>"; };
		4C9EB1191A9216E600A69E9F /* UnikornTubeTests.swift */ = {isa = PBXFileReference; lastKnownFileType = sourcecode.swift; path = UnikornTubeTests.swift; sourceTree = "<group>"; };
		6D3150501AEE6E3B0099D2C7 /* Alamofire.swift */ = {isa = PBXFileReference; fileEncoding = 4; lastKnownFileType = sourcecode.swift; path = Alamofire.swift; sourceTree = "<group>"; };
		6D3150521AEE6FDB0099D2C7 /* HomeTableVC.swift */ = {isa = PBXFileReference; fileEncoding = 4; lastKnownFileType = sourcecode.swift; path = HomeTableVC.swift; sourceTree = "<group>"; };
		6D3150541AEE70A50099D2C7 /* User.swift */ = {isa = PBXFileReference; fileEncoding = 4; lastKnownFileType = sourcecode.swift; path = User.swift; sourceTree = "<group>"; };
		6D3150571AEE70CC0099D2C7 /* Video.swift */ = {isa = PBXFileReference; fileEncoding = 4; lastKnownFileType = sourcecode.swift; path = Video.swift; sourceTree = "<group>"; };
		6D3150591AEE7B500099D2C7 /* Comment.swift */ = {isa = PBXFileReference; fileEncoding = 4; lastKnownFileType = sourcecode.swift; path = Comment.swift; sourceTree = "<group>"; };
		6D31505B1AEE7E3E0099D2C7 /* Playlist.swift */ = {isa = PBXFileReference; fileEncoding = 4; lastKnownFileType = sourcecode.swift; path = Playlist.swift; sourceTree = "<group>"; };
		6D31505E1AEE96420099D2C7 /* UserManager.swift */ = {isa = PBXFileReference; fileEncoding = 4; lastKnownFileType = sourcecode.swift; path = UserManager.swift; sourceTree = "<group>"; };
		6D3150601AEE96690099D2C7 /* SignInVC.swift */ = {isa = PBXFileReference; fileEncoding = 4; lastKnownFileType = sourcecode.swift; path = SignInVC.swift; sourceTree = "<group>"; };
		6D3150621AEE96D30099D2C7 /* SignUpVC.swift */ = {isa = PBXFileReference; fileEncoding = 4; lastKnownFileType = sourcecode.swift; path = SignUpVC.swift; sourceTree = "<group>"; };
		6D77AB4E1B1D0093003BF50E /* SCLAlertView.swift */ = {isa = PBXFileReference; fileEncoding = 4; lastKnownFileType = sourcecode.swift; path = SCLAlertView.swift; sourceTree = "<group>"; };
		6D77AB511B1DD4F7003BF50E /* Constants.swift */ = {isa = PBXFileReference; fileEncoding = 4; lastKnownFileType = sourcecode.swift; path = Constants.swift; sourceTree = "<group>"; };
		6D77AB541B1DF131003BF50E /* ENSideMenu.swift */ = {isa = PBXFileReference; fileEncoding = 4; lastKnownFileType = sourcecode.swift; path = ENSideMenu.swift; sourceTree = "<group>"; };
		6D77AB551B1DF131003BF50E /* ENSideMenuNavigationController.swift */ = {isa = PBXFileReference; fileEncoding = 4; lastKnownFileType = sourcecode.swift; path = ENSideMenuNavigationController.swift; sourceTree = "<group>"; };
		6D77AB591B1DF2E1003BF50E /* HomeNavigationController.swift */ = {isa = PBXFileReference; fileEncoding = 4; lastKnownFileType = sourcecode.swift; path = HomeNavigationController.swift; sourceTree = "<group>"; };
		6D77AB5B1B1DFA17003BF50E /* MenuTableVC.swift */ = {isa = PBXFileReference; fileEncoding = 4; lastKnownFileType = sourcecode.swift; path = MenuTableVC.swift; sourceTree = "<group>"; };
		6D77AB5F1B1E18C1003BF50E /* VideoListCell.swift */ = {isa = PBXFileReference; fileEncoding = 4; lastKnownFileType = sourcecode.swift; path = VideoListCell.swift; sourceTree = "<group>"; };
		6D77AB611B1E1911003BF50E /* SubscriptionListCell.swift */ = {isa = PBXFileReference; fileEncoding = 4; lastKnownFileType = sourcecode.swift; path = SubscriptionListCell.swift; sourceTree = "<group>"; };
		6D77AB641B1E5D2D003BF50E /* VideoHolder.swift */ = {isa = PBXFileReference; fileEncoding = 4; lastKnownFileType = sourcecode.swift; path = VideoHolder.swift; sourceTree = "<group>"; };
		6D77AB661B1E643E003BF50E /* SwiftyJSON.swift */ = {isa = PBXFileReference; fileEncoding = 4; lastKnownFileType = sourcecode.swift; path = SwiftyJSON.swift; sourceTree = "<group>"; };
		6D77AB861B1E8426003BF50E /* UnikornTube-Bridging-Header.h */ = {isa = PBXFileReference; lastKnownFileType = sourcecode.c.h; path = "UnikornTube-Bridging-Header.h"; sourceTree = "<group>"; };
		6D77AB8B1B1E849C003BF50E /* AFHTTPRequestOperation.h */ = {isa = PBXFileReference; fileEncoding = 4; lastKnownFileType = sourcecode.c.h; path = AFHTTPRequestOperation.h; sourceTree = "<group>"; };
		6D77AB8C1B1E849C003BF50E /* AFHTTPRequestOperation.m */ = {isa = PBXFileReference; fileEncoding = 4; lastKnownFileType = sourcecode.c.objc; path = AFHTTPRequestOperation.m; sourceTree = "<group>"; };
		6D77AB8D1B1E849C003BF50E /* AFHTTPRequestOperationManager.h */ = {isa = PBXFileReference; fileEncoding = 4; lastKnownFileType = sourcecode.c.h; path = AFHTTPRequestOperationManager.h; sourceTree = "<group>"; };
		6D77AB8E1B1E849C003BF50E /* AFHTTPRequestOperationManager.m */ = {isa = PBXFileReference; fileEncoding = 4; lastKnownFileType = sourcecode.c.objc; path = AFHTTPRequestOperationManager.m; sourceTree = "<group>"; };
		6D77AB8F1B1E849C003BF50E /* AFHTTPSessionManager.h */ = {isa = PBXFileReference; fileEncoding = 4; lastKnownFileType = sourcecode.c.h; path = AFHTTPSessionManager.h; sourceTree = "<group>"; };
		6D77AB901B1E849C003BF50E /* AFHTTPSessionManager.m */ = {isa = PBXFileReference; fileEncoding = 4; lastKnownFileType = sourcecode.c.objc; path = AFHTTPSessionManager.m; sourceTree = "<group>"; };
		6D77AB911B1E849C003BF50E /* AFNetworking.h */ = {isa = PBXFileReference; fileEncoding = 4; lastKnownFileType = sourcecode.c.h; path = AFNetworking.h; sourceTree = "<group>"; };
		6D77AB921B1E849C003BF50E /* AFNetworkReachabilityManager.h */ = {isa = PBXFileReference; fileEncoding = 4; lastKnownFileType = sourcecode.c.h; path = AFNetworkReachabilityManager.h; sourceTree = "<group>"; };
		6D77AB931B1E849C003BF50E /* AFNetworkReachabilityManager.m */ = {isa = PBXFileReference; fileEncoding = 4; lastKnownFileType = sourcecode.c.objc; path = AFNetworkReachabilityManager.m; sourceTree = "<group>"; };
		6D77AB941B1E849C003BF50E /* AFSecurityPolicy.h */ = {isa = PBXFileReference; fileEncoding = 4; lastKnownFileType = sourcecode.c.h; path = AFSecurityPolicy.h; sourceTree = "<group>"; };
		6D77AB951B1E849C003BF50E /* AFSecurityPolicy.m */ = {isa = PBXFileReference; fileEncoding = 4; lastKnownFileType = sourcecode.c.objc; path = AFSecurityPolicy.m; sourceTree = "<group>"; };
		6D77AB961B1E849C003BF50E /* AFURLConnectionOperation.h */ = {isa = PBXFileReference; fileEncoding = 4; lastKnownFileType = sourcecode.c.h; path = AFURLConnectionOperation.h; sourceTree = "<group>"; };
		6D77AB971B1E849C003BF50E /* AFURLConnectionOperation.m */ = {isa = PBXFileReference; fileEncoding = 4; lastKnownFileType = sourcecode.c.objc; path = AFURLConnectionOperation.m; sourceTree = "<group>"; };
		6D77AB981B1E849C003BF50E /* AFURLRequestSerialization.h */ = {isa = PBXFileReference; fileEncoding = 4; lastKnownFileType = sourcecode.c.h; path = AFURLRequestSerialization.h; sourceTree = "<group>"; };
		6D77AB991B1E849C003BF50E /* AFURLRequestSerialization.m */ = {isa = PBXFileReference; fileEncoding = 4; lastKnownFileType = sourcecode.c.objc; path = AFURLRequestSerialization.m; sourceTree = "<group>"; };
		6D77AB9A1B1E849C003BF50E /* AFURLResponseSerialization.h */ = {isa = PBXFileReference; fileEncoding = 4; lastKnownFileType = sourcecode.c.h; path = AFURLResponseSerialization.h; sourceTree = "<group>"; };
		6D77AB9B1B1E849C003BF50E /* AFURLResponseSerialization.m */ = {isa = PBXFileReference; fileEncoding = 4; lastKnownFileType = sourcecode.c.objc; path = AFURLResponseSerialization.m; sourceTree = "<group>"; };
		6D77AB9C1B1E849C003BF50E /* AFURLSessionManager.h */ = {isa = PBXFileReference; fileEncoding = 4; lastKnownFileType = sourcecode.c.h; path = AFURLSessionManager.h; sourceTree = "<group>"; };
		6D77AB9D1B1E849C003BF50E /* AFURLSessionManager.m */ = {isa = PBXFileReference; fileEncoding = 4; lastKnownFileType = sourcecode.c.objc; path = AFURLSessionManager.m; sourceTree = "<group>"; };
		6D77ABA71B1F88F6003BF50E /* UploadVideoVCold.swift */ = {isa = PBXFileReference; fileEncoding = 4; lastKnownFileType = sourcecode.swift; path = UploadVideoVCold.swift; sourceTree = "<group>"; };
		6D77ABA91B1F9104003BF50E /* UploadVideoVC.swift */ = {isa = PBXFileReference; fileEncoding = 4; lastKnownFileType = sourcecode.swift; path = UploadVideoVC.swift; sourceTree = "<group>"; };
		6D77ABAE1B1FC1D9003BF50E /* AFNetworkActivityLogger.h */ = {isa = PBXFileReference; fileEncoding = 4; lastKnownFileType = sourcecode.c.h; path = AFNetworkActivityLogger.h; sourceTree = "<group>"; };
		6D77ABAF1B1FC1D9003BF50E /* AFNetworkActivityLogger.m */ = {isa = PBXFileReference; fileEncoding = 4; lastKnownFileType = sourcecode.c.objc; path = AFNetworkActivityLogger.m; sourceTree = "<group>"; };
		6D77ABB11B200E0A003BF50E /* SubscriptionsVC.swift */ = {isa = PBXFileReference; fileEncoding = 4; lastKnownFileType = sourcecode.swift; path = SubscriptionsVC.swift; sourceTree = "<group>"; };
/* End PBXFileReference section */

/* Begin PBXFrameworksBuildPhase section */
		4C9EB0FB1A9216E600A69E9F /* Frameworks */ = {
			isa = PBXFrameworksBuildPhase;
			buildActionMask = 2147483647;
			files = (
			);
			runOnlyForDeploymentPostprocessing = 0;
		};
		4C9EB1101A9216E600A69E9F /* Frameworks */ = {
			isa = PBXFrameworksBuildPhase;
			buildActionMask = 2147483647;
			files = (
			);
			runOnlyForDeploymentPostprocessing = 0;
		};
/* End PBXFrameworksBuildPhase section */

/* Begin PBXGroup section */
		4C9EB0F51A9216E600A69E9F = {
			isa = PBXGroup;
			children = (
				4C9EB1001A9216E600A69E9F /* UnikornTube */,
				4C9EB1161A9216E600A69E9F /* UnikornTubeTests */,
				4C9EB0FF1A9216E600A69E9F /* Products */,
			);
			sourceTree = "<group>";
		};
		4C9EB0FF1A9216E600A69E9F /* Products */ = {
			isa = PBXGroup;
			children = (
				4C9EB0FE1A9216E600A69E9F /* UnikornTube.app */,
				4C9EB1131A9216E600A69E9F /* UnikornTubeTests.xctest */,
			);
			name = Products;
			sourceTree = "<group>";
		};
		4C9EB1001A9216E600A69E9F /* UnikornTube */ = {
			isa = PBXGroup;
			children = (
				6D77AB581B1DF219003BF50E /* SideMenu */,
				6D77AB531B1DF0E8003BF50E /* Library */,
				6D77AB501B1DD4DC003BF50E /* Utils */,
				6D31504F1AEE6E210099D2C7 /* API */,
				6D77AB5D1B1E0AF6003BF50E /* ViewController */,
				6D77AB5E1B1E188A003BF50E /* Cells */,
				6D3150561AEE70AD0099D2C7 /* Models */,
				6D31505D1AEE962D0099D2C7 /* Manager */,
				6D77AB631B1E5D0D003BF50E /* Holder */,
				4C9EB1031A9216E600A69E9F /* AppDelegate.swift */,
				4C9EB1071A9216E600A69E9F /* Main.storyboard */,
				4C9EB10A1A9216E600A69E9F /* Images.xcassets */,
				4C9EB10C1A9216E600A69E9F /* LaunchScreen.xib */,
				4C9EB1011A9216E600A69E9F /* Supporting Files */,
				6D77AB861B1E8426003BF50E /* UnikornTube-Bridging-Header.h */,
			);
			path = UnikornTube;
			sourceTree = "<group>";
		};
		4C9EB1011A9216E600A69E9F /* Supporting Files */ = {
			isa = PBXGroup;
			children = (
				4C9EB1021A9216E600A69E9F /* Info.plist */,
			);
			name = "Supporting Files";
			sourceTree = "<group>";
		};
		4C9EB1161A9216E600A69E9F /* UnikornTubeTests */ = {
			isa = PBXGroup;
			children = (
				4C9EB1191A9216E600A69E9F /* UnikornTubeTests.swift */,
				4C9EB1171A9216E600A69E9F /* Supporting Files */,
			);
			path = UnikornTubeTests;
			sourceTree = "<group>";
		};
		4C9EB1171A9216E600A69E9F /* Supporting Files */ = {
			isa = PBXGroup;
			children = (
				4C9EB1181A9216E600A69E9F /* Info.plist */,
			);
			name = "Supporting Files";
			sourceTree = "<group>";
		};
		6D31504F1AEE6E210099D2C7 /* API */ = {
			isa = PBXGroup;
			children = (
				6D77AB8A1B1E849C003BF50E /* AFNetworking */,
				6D77AB4E1B1D0093003BF50E /* SCLAlertView.swift */,
				6D3150501AEE6E3B0099D2C7 /* Alamofire.swift */,
			);
			name = API;
			sourceTree = "<group>";
		};
		6D3150561AEE70AD0099D2C7 /* Models */ = {
			isa = PBXGroup;
			children = (
				6D3150541AEE70A50099D2C7 /* User.swift */,
				6D3150571AEE70CC0099D2C7 /* Video.swift */,
				6D3150591AEE7B500099D2C7 /* Comment.swift */,
				6D31505B1AEE7E3E0099D2C7 /* Playlist.swift */,
			);
			name = Models;
			sourceTree = "<group>";
		};
		6D31505D1AEE962D0099D2C7 /* Manager */ = {
			isa = PBXGroup;
			children = (
				6D31505E1AEE96420099D2C7 /* UserManager.swift */,
			);
			name = Manager;
			sourceTree = "<group>";
		};
		6D77AB501B1DD4DC003BF50E /* Utils */ = {
			isa = PBXGroup;
			children = (
				6D77AB511B1DD4F7003BF50E /* Constants.swift */,
				6D77AB661B1E643E003BF50E /* SwiftyJSON.swift */,
			);
			name = Utils;
			sourceTree = "<group>";
		};
		6D77AB531B1DF0E8003BF50E /* Library */ = {
			isa = PBXGroup;
			children = (
				6D77AB541B1DF131003BF50E /* ENSideMenu.swift */,
				6D77AB551B1DF131003BF50E /* ENSideMenuNavigationController.swift */,
			);
			name = Library;
			sourceTree = "<group>";
		};
		6D77AB581B1DF219003BF50E /* SideMenu */ = {
			isa = PBXGroup;
			children = (
				6D77AB5B1B1DFA17003BF50E /* MenuTableVC.swift */,
			);
			name = SideMenu;
			sourceTree = "<group>";
		};
		6D77AB5D1B1E0AF6003BF50E /* ViewController */ = {
			isa = PBXGroup;
			children = (
				6D77AB591B1DF2E1003BF50E /* HomeNavigationController.swift */,
				6D3150521AEE6FDB0099D2C7 /* HomeTableVC.swift */,
				6D3150601AEE96690099D2C7 /* SignInVC.swift */,
				6D3150621AEE96D30099D2C7 /* SignUpVC.swift */,
				4C9EB1051A9216E600A69E9F /* VideoVC.swift */,
				6D77ABA71B1F88F6003BF50E /* UploadVideoVCold.swift */,
				6D77ABA91B1F9104003BF50E /* UploadVideoVC.swift */,
				6D77ABB11B200E0A003BF50E /* SubscriptionsVC.swift */,
			);
			name = ViewController;
			sourceTree = "<group>";
		};
		6D77AB5E1B1E188A003BF50E /* Cells */ = {
			isa = PBXGroup;
			children = (
				6D77AB5F1B1E18C1003BF50E /* VideoListCell.swift */,
				6D77AB611B1E1911003BF50E /* SubscriptionListCell.swift */,
			);
			name = Cells;
			sourceTree = "<group>";
		};
		6D77AB631B1E5D0D003BF50E /* Holder */ = {
			isa = PBXGroup;
			children = (
				6D77AB641B1E5D2D003BF50E /* VideoHolder.swift */,
			);
			name = Holder;
			sourceTree = "<group>";
		};
		6D77AB8A1B1E849C003BF50E /* AFNetworking */ = {
			isa = PBXGroup;
			children = (
				6D77ABAE1B1FC1D9003BF50E /* AFNetworkActivityLogger.h */,
				6D77ABAF1B1FC1D9003BF50E /* AFNetworkActivityLogger.m */,
				6D77AB8B1B1E849C003BF50E /* AFHTTPRequestOperation.h */,
				6D77AB8C1B1E849C003BF50E /* AFHTTPRequestOperation.m */,
				6D77AB8D1B1E849C003BF50E /* AFHTTPRequestOperationManager.h */,
				6D77AB8E1B1E849C003BF50E /* AFHTTPRequestOperationManager.m */,
				6D77AB8F1B1E849C003BF50E /* AFHTTPSessionManager.h */,
				6D77AB901B1E849C003BF50E /* AFHTTPSessionManager.m */,
				6D77AB911B1E849C003BF50E /* AFNetworking.h */,
				6D77AB921B1E849C003BF50E /* AFNetworkReachabilityManager.h */,
				6D77AB931B1E849C003BF50E /* AFNetworkReachabilityManager.m */,
				6D77AB941B1E849C003BF50E /* AFSecurityPolicy.h */,
				6D77AB951B1E849C003BF50E /* AFSecurityPolicy.m */,
				6D77AB961B1E849C003BF50E /* AFURLConnectionOperation.h */,
				6D77AB971B1E849C003BF50E /* AFURLConnectionOperation.m */,
				6D77AB981B1E849C003BF50E /* AFURLRequestSerialization.h */,
				6D77AB991B1E849C003BF50E /* AFURLRequestSerialization.m */,
				6D77AB9A1B1E849C003BF50E /* AFURLResponseSerialization.h */,
				6D77AB9B1B1E849C003BF50E /* AFURLResponseSerialization.m */,
				6D77AB9C1B1E849C003BF50E /* AFURLSessionManager.h */,
				6D77AB9D1B1E849C003BF50E /* AFURLSessionManager.m */,
			);
			path = AFNetworking;
			sourceTree = "<group>";
		};
/* End PBXGroup section */

/* Begin PBXNativeTarget section */
		4C9EB0FD1A9216E600A69E9F /* UnikornTube */ = {
			isa = PBXNativeTarget;
			buildConfigurationList = 4C9EB11D1A9216E600A69E9F /* Build configuration list for PBXNativeTarget "UnikornTube" */;
			buildPhases = (
				4C9EB0FA1A9216E600A69E9F /* Sources */,
				4C9EB0FB1A9216E600A69E9F /* Frameworks */,
				4C9EB0FC1A9216E600A69E9F /* Resources */,
			);
			buildRules = (
			);
			dependencies = (
			);
			name = UnikornTube;
			productName = UnikornTube;
			productReference = 4C9EB0FE1A9216E600A69E9F /* UnikornTube.app */;
			productType = "com.apple.product-type.application";
		};
		4C9EB1121A9216E600A69E9F /* UnikornTubeTests */ = {
			isa = PBXNativeTarget;
			buildConfigurationList = 4C9EB1201A9216E600A69E9F /* Build configuration list for PBXNativeTarget "UnikornTubeTests" */;
			buildPhases = (
				4C9EB10F1A9216E600A69E9F /* Sources */,
				4C9EB1101A9216E600A69E9F /* Frameworks */,
				4C9EB1111A9216E600A69E9F /* Resources */,
			);
			buildRules = (
			);
			dependencies = (
				4C9EB1151A9216E600A69E9F /* PBXTargetDependency */,
			);
			name = UnikornTubeTests;
			productName = UnikornTubeTests;
			productReference = 4C9EB1131A9216E600A69E9F /* UnikornTubeTests.xctest */;
			productType = "com.apple.product-type.bundle.unit-test";
		};
/* End PBXNativeTarget section */

/* Begin PBXProject section */
		4C9EB0F61A9216E600A69E9F /* Project object */ = {
			isa = PBXProject;
			attributes = {
				LastUpgradeCheck = 0610;
				ORGANIZATIONNAME = SimpleAndNew;
				TargetAttributes = {
					4C9EB0FD1A9216E600A69E9F = {
						CreatedOnToolsVersion = 6.1.1;
						DevelopmentTeam = THVB8X88ZF;
					};
					4C9EB1121A9216E600A69E9F = {
						CreatedOnToolsVersion = 6.1.1;
						TestTargetID = 4C9EB0FD1A9216E600A69E9F;
					};
				};
			};
			buildConfigurationList = 4C9EB0F91A9216E600A69E9F /* Build configuration list for PBXProject "UnikornTube" */;
			compatibilityVersion = "Xcode 3.2";
			developmentRegion = English;
			hasScannedForEncodings = 0;
			knownRegions = (
				en,
				Base,
			);
			mainGroup = 4C9EB0F51A9216E600A69E9F;
			productRefGroup = 4C9EB0FF1A9216E600A69E9F /* Products */;
			projectDirPath = "";
			projectRoot = "";
			targets = (
				4C9EB0FD1A9216E600A69E9F /* UnikornTube */,
				4C9EB1121A9216E600A69E9F /* UnikornTubeTests */,
			);
		};
/* End PBXProject section */

/* Begin PBXResourcesBuildPhase section */
		4C9EB0FC1A9216E600A69E9F /* Resources */ = {
			isa = PBXResourcesBuildPhase;
			buildActionMask = 2147483647;
			files = (
				4C9EB1091A9216E600A69E9F /* Main.storyboard in Resources */,
				4C9EB10E1A9216E600A69E9F /* LaunchScreen.xib in Resources */,
				4C9EB10B1A9216E600A69E9F /* Images.xcassets in Resources */,
			);
			runOnlyForDeploymentPostprocessing = 0;
		};
		4C9EB1111A9216E600A69E9F /* Resources */ = {
			isa = PBXResourcesBuildPhase;
			buildActionMask = 2147483647;
			files = (
			);
			runOnlyForDeploymentPostprocessing = 0;
		};
/* End PBXResourcesBuildPhase section */

/* Begin PBXSourcesBuildPhase section */
		4C9EB0FA1A9216E600A69E9F /* Sources */ = {
			isa = PBXSourcesBuildPhase;
			buildActionMask = 2147483647;
			files = (
				6D31505F1AEE96420099D2C7 /* UserManager.swift in Sources */,
				6D77ABB21B200E0A003BF50E /* SubscriptionsVC.swift in Sources */,
				6D77ABB01B1FC1D9003BF50E /* AFNetworkActivityLogger.m in Sources */,
				6D3150511AEE6E3B0099D2C7 /* Alamofire.swift in Sources */,
				6D77AB561B1DF131003BF50E /* ENSideMenu.swift in Sources */,
				6D77ABAA1B1F9104003BF50E /* UploadVideoVC.swift in Sources */,
				6D77AB571B1DF131003BF50E /* ENSideMenuNavigationController.swift in Sources */,
				6D77ABA31B1E849C003BF50E /* AFURLConnectionOperation.m in Sources */,
				6D3150581AEE70CC0099D2C7 /* Video.swift in Sources */,
				6D77AB651B1E5D2D003BF50E /* VideoHolder.swift in Sources */,
				6D3150631AEE96D30099D2C7 /* SignUpVC.swift in Sources */,
				6D77AB5A1B1DF2E1003BF50E /* HomeNavigationController.swift in Sources */,
				4C9EB1061A9216E600A69E9F /* VideoVC.swift in Sources */,
				6D3150611AEE96690099D2C7 /* SignInVC.swift in Sources */,
				6D77AB9E1B1E849C003BF50E /* AFHTTPRequestOperation.m in Sources */,
				6D31505C1AEE7E3E0099D2C7 /* Playlist.swift in Sources */,
				6D77ABA11B1E849C003BF50E /* AFNetworkReachabilityManager.m in Sources */,
				6D77AB621B1E1911003BF50E /* SubscriptionListCell.swift in Sources */,
				6D77ABA61B1E849C003BF50E /* AFURLSessionManager.m in Sources */,
				6D77AB671B1E643E003BF50E /* SwiftyJSON.swift in Sources */,
				6D77AB9F1B1E849C003BF50E /* AFHTTPRequestOperationManager.m in Sources */,
				6D77ABA01B1E849C003BF50E /* AFHTTPSessionManager.m in Sources */,
				6D77AB521B1DD4F7003BF50E /* Constants.swift in Sources */,
				6D77ABA51B1E849C003BF50E /* AFURLResponseSerialization.m in Sources */,
				6D77ABA41B1E849C003BF50E /* AFURLRequestSerialization.m in Sources */,
				6D77AB601B1E18C1003BF50E /* VideoListCell.swift in Sources */,
				6D77ABA81B1F88F6003BF50E /* UploadVideoVCold.swift in Sources */,
				6D31505A1AEE7B500099D2C7 /* Comment.swift in Sources */,
				6D3150531AEE6FDB0099D2C7 /* HomeTableVC.swift in Sources */,
				6D3150551AEE70A50099D2C7 /* User.swift in Sources */,
				6D77ABA21B1E849C003BF50E /* AFSecurityPolicy.m in Sources */,
				6D77AB4F1B1D0093003BF50E /* SCLAlertView.swift in Sources */,
				4C9EB1041A9216E600A69E9F /* AppDelegate.swift in Sources */,
				6D77AB5C1B1DFA17003BF50E /* MenuTableVC.swift in Sources */,
			);
			runOnlyForDeploymentPostprocessing = 0;
		};
		4C9EB10F1A9216E600A69E9F /* Sources */ = {
			isa = PBXSourcesBuildPhase;
			buildActionMask = 2147483647;
			files = (
				4C9EB11A1A9216E600A69E9F /* UnikornTubeTests.swift in Sources */,
			);
			runOnlyForDeploymentPostprocessing = 0;
		};
/* End PBXSourcesBuildPhase section */

/* Begin PBXTargetDependency section */
		4C9EB1151A9216E600A69E9F /* PBXTargetDependency */ = {
			isa = PBXTargetDependency;
			target = 4C9EB0FD1A9216E600A69E9F /* UnikornTube */;
			targetProxy = 4C9EB1141A9216E600A69E9F /* PBXContainerItemProxy */;
		};
/* End PBXTargetDependency section */

/* Begin PBXVariantGroup section */
		4C9EB1071A9216E600A69E9F /* Main.storyboard */ = {
			isa = PBXVariantGroup;
			children = (
				4C9EB1081A9216E600A69E9F /* Base */,
			);
			name = Main.storyboard;
			sourceTree = "<group>";
		};
		4C9EB10C1A9216E600A69E9F /* LaunchScreen.xib */ = {
			isa = PBXVariantGroup;
			children = (
				4C9EB10D1A9216E600A69E9F /* Base */,
			);
			name = LaunchScreen.xib;
			sourceTree = "<group>";
		};
/* End PBXVariantGroup section */

/* Begin XCBuildConfiguration section */
		4C9EB11B1A9216E600A69E9F /* Debug */ = {
			isa = XCBuildConfiguration;
			buildSettings = {
				ALWAYS_SEARCH_USER_PATHS = NO;
				CLANG_CXX_LANGUAGE_STANDARD = "gnu++0x";
				CLANG_CXX_LIBRARY = "libc++";
				CLANG_ENABLE_MODULES = YES;
				CLANG_ENABLE_OBJC_ARC = YES;
				CLANG_WARN_BOOL_CONVERSION = YES;
				CLANG_WARN_CONSTANT_CONVERSION = YES;
				CLANG_WARN_DIRECT_OBJC_ISA_USAGE = YES_ERROR;
				CLANG_WARN_EMPTY_BODY = YES;
				CLANG_WARN_ENUM_CONVERSION = YES;
				CLANG_WARN_INT_CONVERSION = YES;
				CLANG_WARN_OBJC_ROOT_CLASS = YES_ERROR;
				CLANG_WARN_UNREACHABLE_CODE = YES;
				CLANG_WARN__DUPLICATE_METHOD_MATCH = YES;
				"CODE_SIGN_IDENTITY[sdk=iphoneos*]" = "iPhone Developer";
				COPY_PHASE_STRIP = NO;
				ENABLE_STRICT_OBJC_MSGSEND = YES;
				GCC_C_LANGUAGE_STANDARD = gnu99;
				GCC_DYNAMIC_NO_PIC = NO;
				GCC_OPTIMIZATION_LEVEL = 0;
				GCC_PREPROCESSOR_DEFINITIONS = (
					"DEBUG=1",
					"$(inherited)",
				);
				GCC_SYMBOLS_PRIVATE_EXTERN = NO;
				GCC_WARN_64_TO_32_BIT_CONVERSION = YES;
				GCC_WARN_ABOUT_RETURN_TYPE = YES_ERROR;
				GCC_WARN_UNDECLARED_SELECTOR = YES;
				GCC_WARN_UNINITIALIZED_AUTOS = YES_AGGRESSIVE;
				GCC_WARN_UNUSED_FUNCTION = YES;
				GCC_WARN_UNUSED_VARIABLE = YES;
				IPHONEOS_DEPLOYMENT_TARGET = 8.1;
				MTL_ENABLE_DEBUG_INFO = YES;
				ONLY_ACTIVE_ARCH = YES;
				SDKROOT = iphoneos;
				SWIFT_OPTIMIZATION_LEVEL = "-Onone";
				TARGETED_DEVICE_FAMILY = "1,2";
			};
			name = Debug;
		};
		4C9EB11C1A9216E600A69E9F /* Release */ = {
			isa = XCBuildConfiguration;
			buildSettings = {
				ALWAYS_SEARCH_USER_PATHS = NO;
				CLANG_CXX_LANGUAGE_STANDARD = "gnu++0x";
				CLANG_CXX_LIBRARY = "libc++";
				CLANG_ENABLE_MODULES = YES;
				CLANG_ENABLE_OBJC_ARC = YES;
				CLANG_WARN_BOOL_CONVERSION = YES;
				CLANG_WARN_CONSTANT_CONVERSION = YES;
				CLANG_WARN_DIRECT_OBJC_ISA_USAGE = YES_ERROR;
				CLANG_WARN_EMPTY_BODY = YES;
				CLANG_WARN_ENUM_CONVERSION = YES;
				CLANG_WARN_INT_CONVERSION = YES;
				CLANG_WARN_OBJC_ROOT_CLASS = YES_ERROR;
				CLANG_WARN_UNREACHABLE_CODE = YES;
				CLANG_WARN__DUPLICATE_METHOD_MATCH = YES;
				"CODE_SIGN_IDENTITY[sdk=iphoneos*]" = "iPhone Developer";
				COPY_PHASE_STRIP = YES;
				ENABLE_NS_ASSERTIONS = NO;
				ENABLE_STRICT_OBJC_MSGSEND = YES;
				GCC_C_LANGUAGE_STANDARD = gnu99;
				GCC_WARN_64_TO_32_BIT_CONVERSION = YES;
				GCC_WARN_ABOUT_RETURN_TYPE = YES_ERROR;
				GCC_WARN_UNDECLARED_SELECTOR = YES;
				GCC_WARN_UNINITIALIZED_AUTOS = YES_AGGRESSIVE;
				GCC_WARN_UNUSED_FUNCTION = YES;
				GCC_WARN_UNUSED_VARIABLE = YES;
				IPHONEOS_DEPLOYMENT_TARGET = 8.1;
				MTL_ENABLE_DEBUG_INFO = NO;
				SDKROOT = iphoneos;
				TARGETED_DEVICE_FAMILY = "1,2";
				VALIDATE_PRODUCT = YES;
			};
			name = Release;
		};
		4C9EB11E1A9216E600A69E9F /* Debug */ = {
			isa = XCBuildConfiguration;
			buildSettings = {
				ASSETCATALOG_COMPILER_APPICON_NAME = AppIcon;
				CLANG_ENABLE_MODULES = YES;
				CODE_SIGN_IDENTITY = "iPhone Developer";
				INFOPLIST_FILE = UnikornTube/Info.plist;
				LD_RUNPATH_SEARCH_PATHS = "$(inherited) @executable_path/Frameworks";
				PRODUCT_NAME = "$(TARGET_NAME)";
				SWIFT_OBJC_BRIDGING_HEADER = "UnikornTube/UnikornTube-Bridging-Header.h";
				SWIFT_OPTIMIZATION_LEVEL = "-Onone";
			};
			name = Debug;
		};
		4C9EB11F1A9216E600A69E9F /* Release */ = {
			isa = XCBuildConfiguration;
			buildSettings = {
				ASSETCATALOG_COMPILER_APPICON_NAME = AppIcon;
				CLANG_ENABLE_MODULES = YES;
				CODE_SIGN_IDENTITY = "iPhone Developer";
				INFOPLIST_FILE = UnikornTube/Info.plist;
				LD_RUNPATH_SEARCH_PATHS = "$(inherited) @executable_path/Frameworks";
				PRODUCT_NAME = "$(TARGET_NAME)";
				SWIFT_OBJC_BRIDGING_HEADER = "UnikornTube/UnikornTube-Bridging-Header.h";
			};
			name = Release;
		};
		4C9EB1211A9216E600A69E9F /* Debug */ = {
			isa = XCBuildConfiguration;
			buildSettings = {
				BUNDLE_LOADER = "$(TEST_HOST)";
				FRAMEWORK_SEARCH_PATHS = (
					"$(SDKROOT)/Developer/Library/Frameworks",
					"$(inherited)",
				);
				GCC_PREPROCESSOR_DEFINITIONS = (
					"DEBUG=1",
					"$(inherited)",
				);
				INFOPLIST_FILE = UnikornTubeTests/Info.plist;
				LD_RUNPATH_SEARCH_PATHS = "$(inherited) @executable_path/Frameworks @loader_path/Frameworks";
				PRODUCT_NAME = "$(TARGET_NAME)";
				TEST_HOST = "$(BUILT_PRODUCTS_DIR)/UnikornTube.app/UnikornTube";
			};
			name = Debug;
		};
		4C9EB1221A9216E600A69E9F /* Release */ = {
			isa = XCBuildConfiguration;
			buildSettings = {
				BUNDLE_LOADER = "$(TEST_HOST)";
				FRAMEWORK_SEARCH_PATHS = (
					"$(SDKROOT)/Developer/Library/Frameworks",
					"$(inherited)",
				);
				INFOPLIST_FILE = UnikornTubeTests/Info.plist;
				LD_RUNPATH_SEARCH_PATHS = "$(inherited) @executable_path/Frameworks @loader_path/Frameworks";
				PRODUCT_NAME = "$(TARGET_NAME)";
				TEST_HOST = "$(BUILT_PRODUCTS_DIR)/UnikornTube.app/UnikornTube";
			};
			name = Release;
		};
/* End XCBuildConfiguration section */

/* Begin XCConfigurationList section */
		4C9EB0F91A9216E600A69E9F /* Build configuration list for PBXProject "UnikornTube" */ = {
			isa = XCConfigurationList;
			buildConfigurations = (
				4C9EB11B1A9216E600A69E9F /* Debug */,
				4C9EB11C1A9216E600A69E9F /* Release */,
			);
			defaultConfigurationIsVisible = 0;
			defaultConfigurationName = Release;
		};
		4C9EB11D1A9216E600A69E9F /* Build configuration list for PBXNativeTarget "UnikornTube" */ = {
			isa = XCConfigurationList;
			buildConfigurations = (
				4C9EB11E1A9216E600A69E9F /* Debug */,
				4C9EB11F1A9216E600A69E9F /* Release */,
			);
			defaultConfigurationIsVisible = 0;
			defaultConfigurationName = Release;
		};
		4C9EB1201A9216E600A69E9F /* Build configuration list for PBXNativeTarget "UnikornTubeTests" */ = {
			isa = XCConfigurationList;
			buildConfigurations = (
				4C9EB1211A9216E600A69E9F /* Debug */,
				4C9EB1221A9216E600A69E9F /* Release */,
			);
			defaultConfigurationIsVisible = 0;
			defaultConfigurationName = Release;
		};
/* End XCConfigurationList section */
	};
	rootObject = 4C9EB0F61A9216E600A69E9F /* Project object */;
}
